
Microsoft Visual Studio Solution File, Format Version 12.00
# Visual Studio Version 17
VisualStudioVersion = 17.7.34024.191
MinimumVisualStudioVersion = 10.0.40219.1
Project("{FAE04EC0-301F-11D3-BF4B-00C04F79EFBC}") = "DAL004", "DAL004\DAL004.csproj", "{7A36CC78-611D-488C-AB37-7C39C3FF4DEF}"
EndProject
Project("{FAE04EC0-301F-11D3-BF4B-00C04F79EFBC}") = "Test_DAL004", "..\Test_DAL004\Test_DAL004.csproj", "{2DB2EC60-C562-4F4F-AA03-9CA5891A0F1B}"
EndProject
Project("{FAE04EC0-301F-11D3-BF4B-00C04F79EFBC}") = "DAL004_1", "..\DAL004_1\DAL004_1.csproj", "{78C6926F-70AB-4BC4-BB8B-E58B0AE8769D}"
EndProject
Project("{FAE04EC0-301F-11D3-BF4B-00C04F79EFBC}") = "ASPA_004_2", "..\ASPA_004_2\ASPA_004_2.csproj", "{E9A3A5A0-9DFB-4A66-891F-DB4DC49BD9A7}"
EndProject
Project("{FAE04EC0-301F-11D3-BF4B-00C04F79EFBC}") = "DAL004_3", "..\DAL004_3\DAL004_3.csproj", "{04C2EB31-58C3-4660-9970-E6B684C69F80}"
EndProject
Global
	GlobalSection(SolutionConfigurationPlatforms) = preSolution
		Debug|Any CPU = Debug|Any CPU
		Release|Any CPU = Release|Any CPU
	EndGlobalSection
	GlobalSection(ProjectConfigurationPlatforms) = postSolution
		{7A36CC78-611D-488C-AB37-7C39C3FF4DEF}.Debug|Any CPU.ActiveCfg = Debug|Any CPU
		{7A36CC78-611D-488C-AB37-7C39C3FF4DEF}.Debug|Any CPU.Build.0 = Debug|Any CPU
		{7A36CC78-611D-488C-AB37-7C39C3FF4DEF}.Release|Any CPU.ActiveCfg = Release|Any CPU
		{7A36CC78-611D-488C-AB37-7C39C3FF4DEF}.Release|Any CPU.Build.0 = Release|Any CPU
		{2DB2EC60-C562-4F4F-AA03-9CA5891A0F1B}.Debug|Any CPU.ActiveCfg = Debug|Any CPU
		{2DB2EC60-C562-4F4F-AA03-9CA5891A0F1B}.Debug|Any CPU.Build.0 = Debug|Any CPU
		{2DB2EC60-C562-4F4F-AA03-9CA5891A0F1B}.Release|Any CPU.ActiveCfg = Release|Any CPU
		{2DB2EC60-C562-4F4F-AA03-9CA5891A0F1B}.Release|Any CPU.Build.0 = Release|Any CPU
		{78C6926F-70AB-4BC4-BB8B-E58B0AE8769D}.Debug|Any CPU.ActiveCfg = Debug|Any CPU
		{78C6926F-70AB-4BC4-BB8B-E58B0AE8769D}.Debug|Any CPU.Build.0 = Debug|Any CPU
		{78C6926F-70AB-4BC4-BB8B-E58B0AE8769D}.Release|Any CPU.ActiveCfg = Release|Any CPU
		{78C6926F-70AB-4BC4-BB8B-E58B0AE8769D}.Release|Any CPU.Build.0 = Release|Any CPU
		{E9A3A5A0-9DFB-4A66-891F-DB4DC49BD9A7}.Debug|Any CPU.ActiveCfg = Debug|Any CPU
		{E9A3A5A0-9DFB-4A66-891F-DB4DC49BD9A7}.Debug|Any CPU.Build.0 = Debug|Any CPU
		{E9A3A5A0-9DFB-4A66-891F-DB4DC49BD9A7}.Release|Any CPU.ActiveCfg = Release|Any CPU
		{E9A3A5A0-9DFB-4A66-891F-DB4DC49BD9A7}.Release|Any CPU.Build.0 = Release|Any CPU
		{04C2EB31-58C3-4660-9970-E6B684C69F80}.Debug|Any CPU.ActiveCfg = Debug|Any CPU
		{04C2EB31-58C3-4660-9970-E6B684C69F80}.Debug|Any CPU.Build.0 = Debug|Any CPU
		{04C2EB31-58C3-4660-9970-E6B684C69F80}.Release|Any CPU.ActiveCfg = Release|Any CPU
		{04C2EB31-58C3-4660-9970-E6B684C69F80}.Release|Any CPU.Build.0 = Release|Any CPU
	EndGlobalSection
	GlobalSection(SolutionProperties) = preSolution
		HideSolutionNode = FALSE
	EndGlobalSection
	GlobalSection(ExtensibilityGlobals) = postSolution
		SolutionGuid = {0498097C-5F37-4E13-B735-A2424865A0CB}
	EndGlobalSection
EndGlobal
